
Microsoft Visual Studio Solution File, Format Version 12.00
# Visual Studio Version 16
VisualStudioVersion = 16.0.30406.217
MinimumVisualStudioVersion = 10.0.40219.1
Project("{FAE04EC0-301F-11D3-BF4B-00C04F79EFBC}") = "IMS_Enterprise_ECMA", "IMS_Enterprise_ECMA.csproj", "{F570F600-C721-4309-BF3B-23F9FA37FC3E}"
EndProject
Project("{2150E333-8FDC-42A3-9474-1A3956D46DE8}") = "Solution Items", "Solution Items", "{041C1A7B-2529-4103-92BF-6326325D9792}"
	ProjectSection(SolutionItems) = preProject
		.editorconfig = .editorconfig
	EndProjectSection
EndProject
Global
	GlobalSection(SolutionConfigurationPlatforms) = preSolution
		Debug|Any CPU = Debug|Any CPU
		Release|Any CPU = Release|Any CPU
	EndGlobalSection
	GlobalSection(ProjectConfigurationPlatforms) = postSolution
		{F570F600-C721-4309-BF3B-23F9FA37FC3E}.Debug|Any CPU.ActiveCfg = Debug|Any CPU
		{F570F600-C721-4309-BF3B-23F9FA37FC3E}.Debug|Any CPU.Build.0 = Debug|Any CPU
		{F570F600-C721-4309-BF3B-23F9FA37FC3E}.Release|Any CPU.ActiveCfg = Release|Any CPU
		{F570F600-C721-4309-BF3B-23F9FA37FC3E}.Release|Any CPU.Build.0 = Release|Any CPU
	EndGlobalSection
	GlobalSection(SolutionProperties) = preSolution
		HideSolutionNode = FALSE
	EndGlobalSection
	GlobalSection(ExtensibilityGlobals) = postSolution
		SolutionGuid = {247E79D8-16ED-4D80-A37C-FD13D368B832}
	EndGlobalSection
EndGlobal
